
Microsoft Visual Studio Solution File, Format Version 12.00
# Visual Studio Version 17
VisualStudioVersion = 17.14.36429.23 d17.14
MinimumVisualStudioVersion = 10.0.40219.1
Project("{FAE04EC0-301F-11D3-BF4B-00C04F79EFBC}") = "ControleEstacionamento", "ControleEstacionamento\ControleEstacionamento.csproj", "{52EF8B09-BEC5-49BF-A1B6-D9C9A92A22AE}"
EndProject
Global
	GlobalSection(SolutionConfigurationPlatforms) = preSolution
		Debug|Any CPU = Debug|Any CPU
		Release|Any CPU = Release|Any CPU
	EndGlobalSection
	GlobalSection(ProjectConfigurationPlatforms) = postSolution
		{52EF8B09-BEC5-49BF-A1B6-D9C9A92A22AE}.Debug|Any CPU.ActiveCfg = Debug|Any CPU
		{52EF8B09-BEC5-49BF-A1B6-D9C9A92A22AE}.Debug|Any CPU.Build.0 = Debug|Any CPU
		{52EF8B09-BEC5-49BF-A1B6-D9C9A92A22AE}.Release|Any CPU.ActiveCfg = Release|Any CPU
		{52EF8B09-BEC5-49BF-A1B6-D9C9A92A22AE}.Release|Any CPU.Build.0 = Release|Any CPU
	EndGlobalSection
	GlobalSection(SolutionProperties) = preSolution
		HideSolutionNode = FALSE
	EndGlobalSection
	GlobalSection(ExtensibilityGlobals) = postSolution
		SolutionGuid = {A8F10D23-7BB7-4CA0-B32C-56769633919A}
	EndGlobalSection
EndGlobal
